
Microsoft Visual Studio Solution File, Format Version 12.00
# Visual Studio Version 16
VisualStudioVersion = 16.0.30804.86
MinimumVisualStudioVersion = 10.0.40219.1
Project("{FAE04EC0-301F-11D3-BF4B-00C04F79EFBC}") = "Calculadora_Aritmetica", "Calculadora_Aritmetica\Calculadora_Aritmetica.csproj", "{8FB2EC23-A9E4-45D5-826C-4023E0AE949E}"
EndProject
Global
	GlobalSection(SolutionConfigurationPlatforms) = preSolution
		Debug|Any CPU = Debug|Any CPU
		Release|Any CPU = Release|Any CPU
	EndGlobalSection
	GlobalSection(ProjectConfigurationPlatforms) = postSolution
		{8FB2EC23-A9E4-45D5-826C-4023E0AE949E}.Debug|Any CPU.ActiveCfg = Debug|Any CPU
		{8FB2EC23-A9E4-45D5-826C-4023E0AE949E}.Debug|Any CPU.Build.0 = Debug|Any CPU
		{8FB2EC23-A9E4-45D5-826C-4023E0AE949E}.Release|Any CPU.ActiveCfg = Release|Any CPU
		{8FB2EC23-A9E4-45D5-826C-4023E0AE949E}.Release|Any CPU.Build.0 = Release|Any CPU
	EndGlobalSection
	GlobalSection(SolutionProperties) = preSolution
		HideSolutionNode = FALSE
	EndGlobalSection
	GlobalSection(ExtensibilityGlobals) = postSolution
		SolutionGuid = {88D1BD81-13AB-43E3-B4EB-3D8042EBF45D}
	EndGlobalSection
EndGlobal
