
Microsoft Visual Studio Solution File, Format Version 12.00
# Visual Studio Version 16
VisualStudioVersion = 16.0.30804.86
MinimumVisualStudioVersion = 10.0.40219.1
Project("{FAE04EC0-301F-11D3-BF4B-00C04F79EFBC}") = "Exemplo_SwitchCase", "Exemplo_SwitchCase\Exemplo_SwitchCase.csproj", "{31218510-CA49-4834-935B-69CE8BB7FD3B}"
EndProject
Global
	GlobalSection(SolutionConfigurationPlatforms) = preSolution
		Debug|Any CPU = Debug|Any CPU
		Release|Any CPU = Release|Any CPU
	EndGlobalSection
	GlobalSection(ProjectConfigurationPlatforms) = postSolution
		{31218510-CA49-4834-935B-69CE8BB7FD3B}.Debug|Any CPU.ActiveCfg = Debug|Any CPU
		{31218510-CA49-4834-935B-69CE8BB7FD3B}.Debug|Any CPU.Build.0 = Debug|Any CPU
		{31218510-CA49-4834-935B-69CE8BB7FD3B}.Release|Any CPU.ActiveCfg = Release|Any CPU
		{31218510-CA49-4834-935B-69CE8BB7FD3B}.Release|Any CPU.Build.0 = Release|Any CPU
	EndGlobalSection
	GlobalSection(SolutionProperties) = preSolution
		HideSolutionNode = FALSE
	EndGlobalSection
	GlobalSection(ExtensibilityGlobals) = postSolution
		SolutionGuid = {6B16BD2A-D147-4ED8-B65B-0D88F3050E66}
	EndGlobalSection
EndGlobal
